
Microsoft Visual Studio Solution File, Format Version 12.00
# Visual Studio Version 17
VisualStudioVersion = 17.10.35013.160
MinimumVisualStudioVersion = 10.0.40219.1
Project("{FAE04EC0-301F-11D3-BF4B-00C04F79EFBC}") = "DmRptBanco", "DmRptBanco\DmRptBanco.csproj", "{9E79EA2E-35C1-47DD-88D5-19E0DAD47B09}"
EndProject
Global
	GlobalSection(SolutionConfigurationPlatforms) = preSolution
		Debug|Any CPU = Debug|Any CPU
		Release|Any CPU = Release|Any CPU
	EndGlobalSection
	GlobalSection(ProjectConfigurationPlatforms) = postSolution
		{9E79EA2E-35C1-47DD-88D5-19E0DAD47B09}.Debug|Any CPU.ActiveCfg = Debug|Any CPU
		{9E79EA2E-35C1-47DD-88D5-19E0DAD47B09}.Debug|Any CPU.Build.0 = Debug|Any CPU
		{9E79EA2E-35C1-47DD-88D5-19E0DAD47B09}.Release|Any CPU.ActiveCfg = Release|Any CPU
		{9E79EA2E-35C1-47DD-88D5-19E0DAD47B09}.Release|Any CPU.Build.0 = Release|Any CPU
	EndGlobalSection
	GlobalSection(SolutionProperties) = preSolution
		HideSolutionNode = FALSE
	EndGlobalSection
	GlobalSection(ExtensibilityGlobals) = postSolution
		SolutionGuid = {C5B1BCD2-4598-4F33-BB7B-46E32778B0D3}
	EndGlobalSection
EndGlobal
